
Microsoft Visual Studio Solution File, Format Version 12.00
# Visual Studio Version 17
VisualStudioVersion = 17.8.34330.188
MinimumVisualStudioVersion = 10.0.40219.1
Project("{FAE04EC0-301F-11D3-BF4B-00C04F79EFBC}") = "MovieSphere", "MovieSphere.csproj", "{86DF4890-0A56-43E7-80C1-348EB4B9386D}"
EndProject
Global
	GlobalSection(SolutionConfigurationPlatforms) = preSolution
		Debug|Any CPU = Debug|Any CPU
		Release|Any CPU = Release|Any CPU
	EndGlobalSection
	GlobalSection(ProjectConfigurationPlatforms) = postSolution
		{86DF4890-0A56-43E7-80C1-348EB4B9386D}.Debug|Any CPU.ActiveCfg = Debug|Any CPU
		{86DF4890-0A56-43E7-80C1-348EB4B9386D}.Debug|Any CPU.Build.0 = Debug|Any CPU
		{86DF4890-0A56-43E7-80C1-348EB4B9386D}.Release|Any CPU.ActiveCfg = Release|Any CPU
		{86DF4890-0A56-43E7-80C1-348EB4B9386D}.Release|Any CPU.Build.0 = Release|Any CPU
	EndGlobalSection
	GlobalSection(SolutionProperties) = preSolution
		HideSolutionNode = FALSE
	EndGlobalSection
	GlobalSection(ExtensibilityGlobals) = postSolution
		SolutionGuid = {290043EB-FFAE-4B1A-86F6-9F27FAB323DF}
	EndGlobalSection
EndGlobal
